// !$*UTF8*$!
{
	archiveVersion = 1;
	classes = {
	};
	objectVersion = 56;
	objects = {

/* Begin PBXBuildFile section */
		91A53B172AF85BF3008987CC /* CharacterDetailViewController.swift in Sources */ = {isa = PBXBuildFile; fileRef = 91A53B162AF85BF3008987CC /* CharacterDetailViewController.swift */; };
		91A53B192AF85C91008987CC /* Character.swift in Sources */ = {isa = PBXBuildFile; fileRef = 91A53B182AF85C91008987CC /* Character.swift */; };
		91A53B1B2AF85F0D008987CC /* CharacterCell.swift in Sources */ = {isa = PBXBuildFile; fileRef = 91A53B1A2AF85F0D008987CC /* CharacterCell.swift */; };
		91F67CA02AF858A8008CB9F8 /* AppDelegate.swift in Sources */ = {isa = PBXBuildFile; fileRef = 91F67C9F2AF858A8008CB9F8 /* AppDelegate.swift */; };
		91F67CA22AF858A8008CB9F8 /* SceneDelegate.swift in Sources */ = {isa = PBXBuildFile; fileRef = 91F67CA12AF858A8008CB9F8 /* SceneDelegate.swift */; };
		91F67CA42AF858A8008CB9F8 /* ViewController.swift in Sources */ = {isa = PBXBuildFile; fileRef = 91F67CA32AF858A8008CB9F8 /* ViewController.swift */; };
		91F67CA72AF858A8008CB9F8 /* Main.storyboard in Resources */ = {isa = PBXBuildFile; fileRef = 91F67CA52AF858A8008CB9F8 /* Main.storyboard */; };
		91F67CA92AF858AA008CB9F8 /* Assets.xcassets in Resources */ = {isa = PBXBuildFile; fileRef = 91F67CA82AF858AA008CB9F8 /* Assets.xcassets */; };
		91F67CAC2AF858AA008CB9F8 /* LaunchScreen.storyboard in Resources */ = {isa = PBXBuildFile; fileRef = 91F67CAA2AF858AA008CB9F8 /* LaunchScreen.storyboard */; };
/* End PBXBuildFile section */

/* Begin PBXFileReference section */
		91A53B162AF85BF3008987CC /* CharacterDetailViewController.swift */ = {isa = PBXFileReference; lastKnownFileType = sourcecode.swift; path = CharacterDetailViewController.swift; sourceTree = "<group>"; };
		91A53B182AF85C91008987CC /* Character.swift */ = {isa = PBXFileReference; lastKnownFileType = sourcecode.swift; path = Character.swift; sourceTree = "<group>"; };
		91A53B1A2AF85F0D008987CC /* CharacterCell.swift */ = {isa = PBXFileReference; lastKnownFileType = sourcecode.swift; path = CharacterCell.swift; sourceTree = "<group>"; };
		91F67C9C2AF858A8008CB9F8 /* SpringHaven.app */ = {isa = PBXFileReference; explicitFileType = wrapper.application; includeInIndex = 0; path = SpringHaven.app; sourceTree = BUILT_PRODUCTS_DIR; };
		91F67C9F2AF858A8008CB9F8 /* AppDelegate.swift */ = {isa = PBXFileReference; lastKnownFileType = sourcecode.swift; path = AppDelegate.swift; sourceTree = "<group>"; };
		91F67CA12AF858A8008CB9F8 /* SceneDelegate.swift */ = {isa = PBXFileReference; lastKnownFileType = sourcecode.swift; path = SceneDelegate.swift; sourceTree = "<group>"; };
		91F67CA32AF858A8008CB9F8 /* ViewController.swift */ = {isa = PBXFileReference; lastKnownFileType = sourcecode.swift; path = ViewController.swift; sourceTree = "<group>"; };
		91F67CA62AF858A8008CB9F8 /* Base */ = {isa = PBXFileReference; lastKnownFileType = file.storyboard; name = Base; path = Base.lproj/Main.storyboard; sourceTree = "<group>"; };
		91F67CA82AF858AA008CB9F8 /* Assets.xcassets */ = {isa = PBXFileReference; lastKnownFileType = folder.assetcatalog; path = Assets.xcassets; sourceTree = "<group>"; };
		91F67CAB2AF858AA008CB9F8 /* Base */ = {isa = PBXFileReference; lastKnownFileType = file.storyboard; name = Base; path = Base.lproj/LaunchScreen.storyboard; sourceTree = "<group>"; };
		91F67CAD2AF858AA008CB9F8 /* Info.plist */ = {isa = PBXFileReference; lastKnownFileType = text.plist.xml; path = Info.plist; sourceTree = "<group>"; };
/* End PBXFileReference section */

/* Begin PBXFrameworksBuildPhase section */
		91F67C992AF858A8008CB9F8 /* Frameworks */ = {
			isa = PBXFrameworksBuildPhase;
			buildActionMask = 2147483647;
			files = (
			);
			runOnlyForDeploymentPostprocessing = 0;
		};
/* End PBXFrameworksBuildPhase section */

/* Begin PBXGroup section */
		91F67C932AF858A8008CB9F8 = {
			isa = PBXGroup;
			children = (
				91F67C9E2AF858A8008CB9F8 /* SpringHaven */,
				91F67C9D2AF858A8008CB9F8 /* Products */,
			);
			sourceTree = "<group>";
		};
		91F67C9D2AF858A8008CB9F8 /* Products */ = {
			isa = PBXGroup;
			children = (
				91F67C9C2AF858A8008CB9F8 /* SpringHaven.app */,
			);
			name = Products;
			sourceTree = "<group>";
		};
		91F67C9E2AF858A8008CB9F8 /* SpringHaven */ = {
			isa = PBXGroup;
			children = (
				91F67C9F2AF858A8008CB9F8 /* AppDelegate.swift */,
				91F67CA12AF858A8008CB9F8 /* SceneDelegate.swift */,
				91A53B182AF85C91008987CC /* Character.swift */,
				91F67CA32AF858A8008CB9F8 /* ViewController.swift */,
				91A53B1A2AF85F0D008987CC /* CharacterCell.swift */,
				91A53B162AF85BF3008987CC /* CharacterDetailViewController.swift */,
				91F67CA52AF858A8008CB9F8 /* Main.storyboard */,
				91F67CA82AF858AA008CB9F8 /* Assets.xcassets */,
				91F67CAA2AF858AA008CB9F8 /* LaunchScreen.storyboard */,
				91F67CAD2AF858AA008CB9F8 /* Info.plist */,
			);
			path = SpringHaven;
			sourceTree = "<group>";
		};
/* End PBXGroup section */

/* Begin PBXNativeTarget section */
		91F67C9B2AF858A8008CB9F8 /* SpringHaven */ = {
			isa = PBXNativeTarget;
			buildConfigurationList = 91F67CB02AF858AA008CB9F8 /* Build configuration list for PBXNativeTarget "SpringHaven" */;
			buildPhases = (
				91F67C982AF858A8008CB9F8 /* Sources */,
				91F67C992AF858A8008CB9F8 /* Frameworks */,
				91F67C9A2AF858A8008CB9F8 /* Resources */,
			);
			buildRules = (
			);
			dependencies = (
			);
			name = SpringHaven;
			productName = SpringHaven;
			productReference = 91F67C9C2AF858A8008CB9F8 /* SpringHaven.app */;
			productType = "com.apple.product-type.application";
		};
/* End PBXNativeTarget section */

/* Begin PBXProject section */
		91F67C942AF858A8008CB9F8 /* Project object */ = {
			isa = PBXProject;
			attributes = {
				BuildIndependentTargetsInParallel = 1;
				LastSwiftUpdateCheck = 1430;
				LastUpgradeCheck = 1430;
				TargetAttributes = {
					91F67C9B2AF858A8008CB9F8 = {
						CreatedOnToolsVersion = 14.3.1;
					};
				};
			};
			buildConfigurationList = 91F67C972AF858A8008CB9F8 /* Build configuration list for PBXProject "SpringHaven" */;
			compatibilityVersion = "Xcode 14.0";
			developmentRegion = en;
			hasScannedForEncodings = 0;
			knownRegions = (
				en,
				Base,
			);
			mainGroup = 91F67C932AF858A8008CB9F8;
			productRefGroup = 91F67C9D2AF858A8008CB9F8 /* Products */;
			projectDirPath = "";
			projectRoot = "";
			targets = (
				91F67C9B2AF858A8008CB9F8 /* SpringHaven */,
			);
		};
/* End PBXProject section */

/* Begin PBXResourcesBuildPhase section */
		91F67C9A2AF858A8008CB9F8 /* Resources */ = {
			isa = PBXResourcesBuildPhase;
			buildActionMask = 2147483647;
			files = (
				91F67CAC2AF858AA008CB9F8 /* LaunchScreen.storyboard in Resources */,
				91F67CA92AF858AA008CB9F8 /* Assets.xcassets in Resources */,
				91F67CA72AF858A8008CB9F8 /* Main.storyboard in Resources */,
			);
			runOnlyForDeploymentPostprocessing = 0;
		};
/* End PBXResourcesBuildPhase section */

/* Begin PBXSourcesBuildPhase section */
		91F67C982AF858A8008CB9F8 /* Sources */ = {
			isa = PBXSourcesBuildPhase;
			buildActionMask = 2147483647;
			files = (
				91F67CA42AF858A8008CB9F8 /* ViewController.swift in Sources */,
				91A53B172AF85BF3008987CC /* CharacterDetailViewController.swift in Sources */,
				91A53B192AF85C91008987CC /* Character.swift in Sources */,
				91A53B1B2AF85F0D008987CC /* CharacterCell.swift in Sources */,
				91F67CA02AF858A8008CB9F8 /* AppDelegate.swift in Sources */,
				91F67CA22AF858A8008CB9F8 /* SceneDelegate.swift in Sources */,
			);
			runOnlyForDeploymentPostprocessing = 0;
		};
/* End PBXSourcesBuildPhase section */

/* Begin PBXVariantGroup section */
		91F67CA52AF858A8008CB9F8 /* Main.storyboard */ = {
			isa = PBXVariantGroup;
			children = (
				91F67CA62AF858A8008CB9F8 /* Base */,
			);
			name = Main.storyboard;
			sourceTree = "<group>";
		};
		91F67CAA2AF858AA008CB9F8 /* LaunchScreen.storyboard */ = {
			isa = PBXVariantGroup;
			children = (
				91F67CAB2AF858AA008CB9F8 /* Base */,
			);
			name = LaunchScreen.storyboard;
			sourceTree = "<group>";
		};
/* End PBXVariantGroup section */

/* Begin XCBuildConfiguration section */
		91F67CAE2AF858AA008CB9F8 /* Debug */ = {
			isa = XCBuildConfiguration;
			buildSettings = {
				ALWAYS_SEARCH_USER_PATHS = NO;
				CLANG_ANALYZER_NONNULL = YES;
				CLANG_ANALYZER_NUMBER_OBJECT_CONVERSION = YES_AGGRESSIVE;
				CLANG_CXX_LANGUAGE_STANDARD = "gnu++20";
				CLANG_ENABLE_MODULES = YES;
				CLANG_ENABLE_OBJC_ARC = YES;
				CLANG_ENABLE_OBJC_WEAK = YES;
				CLANG_WARN_BLOCK_CAPTURE_AUTORELEASING = YES;
				CLANG_WARN_BOOL_CONVERSION = YES;
				CLANG_WARN_COMMA = YES;
				CLANG_WARN_CONSTANT_CONVERSION = YES;
				CLANG_WARN_DEPRECATED_OBJC_IMPLEMENTATIONS = YES;
				CLANG_WARN_DIRECT_OBJC_ISA_USAGE = YES_ERROR;
				CLANG_WARN_DOCUMENTATION_COMMENTS = YES;
				CLANG_WARN_EMPTY_BODY = YES;
				CLANG_WARN_ENUM_CONVERSION = YES;
				CLANG_WARN_INFINITE_RECURSION = YES;
				CLANG_WARN_INT_CONVERSION = YES;
				CLANG_WARN_NON_LITERAL_NULL_CONVERSION = YES;
				CLANG_WARN_OBJC_IMPLICIT_RETAIN_SELF = YES;
				CLANG_WARN_OBJC_LITERAL_CONVERSION = YES;
				CLANG_WARN_OBJC_ROOT_CLASS = YES_ERROR;
				CLANG_WARN_QUOTED_INCLUDE_IN_FRAMEWORK_HEADER = YES;
				CLANG_WARN_RANGE_LOOP_ANALYSIS = YES;
				CLANG_WARN_STRICT_PROTOTYPES = YES;
				CLANG_WARN_SUSPICIOUS_MOVE = YES;
				CLANG_WARN_UNGUARDED_AVAILABILITY = YES_AGGRESSIVE;
				CLANG_WARN_UNREACHABLE_CODE = YES;
				CLANG_WARN__DUPLICATE_METHOD_MATCH = YES;
				COPY_PHASE_STRIP = NO;
				DEBUG_INFORMATION_FORMAT = dwarf;
				ENABLE_STRICT_OBJC_MSGSEND = YES;
				ENABLE_TESTABILITY = YES;
				GCC_C_LANGUAGE_STANDARD = gnu11;
				GCC_DYNAMIC_NO_PIC = NO;
				GCC_NO_COMMON_BLOCKS = YES;
				GCC_OPTIMIZATION_LEVEL = 0;
				GCC_PREPROCESSOR_DEFINITIONS = (
					"DEBUG=1",
					"$(inherited)",
				);
				GCC_WARN_64_TO_32_BIT_CONVERSION = YES;
				GCC_WARN_ABOUT_RETURN_TYPE = YES_ERROR;
				GCC_WARN_UNDECLARED_SELECTOR = YES;
				GCC_WARN_UNINITIALIZED_AUTOS = YES_AGGRESSIVE;
				GCC_WARN_UNUSED_FUNCTION = YES;
				GCC_WARN_UNUSED_VARIABLE = YES;
				IPHONEOS_DEPLOYMENT_TARGET = 16.4;
				MTL_ENABLE_DEBUG_INFO = INCLUDE_SOURCE;
				MTL_FAST_MATH = YES;
				ONLY_ACTIVE_ARCH = YES;
				SDKROOT = iphoneos;
				SWIFT_ACTIVE_COMPILATION_CONDITIONS = DEBUG;
				SWIFT_OPTIMIZATION_LEVEL = "-Onone";
			};
			name = Debug;
		};
		91F67CAF2AF858AA008CB9F8 /* Release */ = {
			isa = XCBuildConfiguration;
			buildSettings = {
				ALWAYS_SEARCH_USER_PATHS = NO;
				CLANG_ANALYZER_NONNULL = YES;
				CLANG_ANALYZER_NUMBER_OBJECT_CONVERSION = YES_AGGRESSIVE;
				CLANG_CXX_LANGUAGE_STANDARD = "gnu++20";
				CLANG_ENABLE_MODULES = YES;
				CLANG_ENABLE_OBJC_ARC = YES;
				CLANG_ENABLE_OBJC_WEAK = YES;
				CLANG_WARN_BLOCK_CAPTURE_AUTORELEASING = YES;
				CLANG_WARN_BOOL_CONVERSION = YES;
				CLANG_WARN_COMMA = YES;
				CLANG_WARN_CONSTANT_CONVERSION = YES;
				CLANG_WARN_DEPRECATED_OBJC_IMPLEMENTATIONS = YES;
				CLANG_WARN_DIRECT_OBJC_ISA_USAGE = YES_ERROR;
				CLANG_WARN_DOCUMENTATION_COMMENTS = YES;
				CLANG_WARN_EMPTY_BODY = YES;
				CLANG_WARN_ENUM_CONVERSION = YES;
				CLANG_WARN_INFINITE_RECURSION = YES;
				CLANG_WARN_INT_CONVERSION = YES;
				CLANG_WARN_NON_LITERAL_NULL_CONVERSION = YES;
				CLANG_WARN_OBJC_IMPLICIT_RETAIN_SELF = YES;
				CLANG_WARN_OBJC_LITERAL_CONVERSION = YES;
				CLANG_WARN_OBJC_ROOT_CLASS = YES_ERROR;
				CLANG_WARN_QUOTED_INCLUDE_IN_FRAMEWORK_HEADER = YES;
				CLANG_WARN_RANGE_LOOP_ANALYSIS = YES;
				CLANG_WARN_STRICT_PROTOTYPES = YES;
				CLANG_WARN_SUSPICIOUS_MOVE = YES;
				CLANG_WARN_UNGUARDED_AVAILABILITY = YES_AGGRESSIVE;
				CLANG_WARN_UNREACHABLE_CODE = YES;
				CLANG_WARN__DUPLICATE_METHOD_MATCH = YES;
				COPY_PHASE_STRIP = NO;
				DEBUG_INFORMATION_FORMAT = "dwarf-with-dsym";
				ENABLE_NS_ASSERTIONS = NO;
				ENABLE_STRICT_OBJC_MSGSEND = YES;
				GCC_C_LANGUAGE_STANDARD = gnu11;
				GCC_NO_COMMON_BLOCKS = YES;
				GCC_WARN_64_TO_32_BIT_CONVERSION = YES;
				GCC_WARN_ABOUT_RETURN_TYPE = YES_ERROR;
				GCC_WARN_UNDECLARED_SELECTOR = YES;
				GCC_WARN_UNINITIALIZED_AUTOS = YES_AGGRESSIVE;
				GCC_WARN_UNUSED_FUNCTION = YES;
				GCC_WARN_UNUSED_VARIABLE = YES;
				IPHONEOS_DEPLOYMENT_TARGET = 16.4;
				MTL_ENABLE_DEBUG_INFO = NO;
				MTL_FAST_MATH = YES;
				SDKROOT = iphoneos;
				SWIFT_COMPILATION_MODE = wholemodule;
				SWIFT_OPTIMIZATION_LEVEL = "-O";
				VALIDATE_PRODUCT = YES;
			};
			name = Release;
		};
		91F67CB12AF858AA008CB9F8 /* Debug */ = {
			isa = XCBuildConfiguration;
			buildSettings = {
				ASSETCATALOG_COMPILER_APPICON_NAME = AppIcon;
				ASSETCATALOG_COMPILER_GLOBAL_ACCENT_COLOR_NAME = AccentColor;
				CODE_SIGN_STYLE = Automatic;
				CURRENT_PROJECT_VERSION = 1;
				DEVELOPMENT_TEAM = CJ4GBVK6Y6;
				GENERATE_INFOPLIST_FILE = YES;
				INFOPLIST_FILE = SpringHaven/Info.plist;
				INFOPLIST_KEY_UIApplicationSupportsIndirectInputEvents = YES;
				INFOPLIST_KEY_UILaunchStoryboardName = LaunchScreen;
				INFOPLIST_KEY_UIMainStoryboardFile = Main;
				INFOPLIST_KEY_UISupportedInterfaceOrientations_iPad = "UIInterfaceOrientationPortrait UIInterfaceOrientationPortraitUpsideDown UIInterfaceOrientationLandscapeLeft UIInterfaceOrientationLandscapeRight";
				INFOPLIST_KEY_UISupportedInterfaceOrientations_iPhone = "UIInterfaceOrientationPortrait UIInterfaceOrientationLandscapeLeft UIInterfaceOrientationLandscapeRight";
				LD_RUNPATH_SEARCH_PATHS = (
					"$(inherited)",
					"@executable_path/Frameworks",
				);
				MARKETING_VERSION = 1.0;
				PRODUCT_BUNDLE_IDENTIFIER = com.canceledstudios.SpringHaven;
				PRODUCT_NAME = "$(TARGET_NAME)";
				SWIFT_EMIT_LOC_STRINGS = YES;
				SWIFT_VERSION = 5.0;
				TARGETED_DEVICE_FAMILY = "1,2";
			};
			name = Debug;
		};
		91F67CB22AF858AA008CB9F8 /* Release */ = {
			isa = XCBuildConfiguration;
			buildSettings = {
				ASSETCATALOG_COMPILER_APPICON_NAME = AppIcon;
				ASSETCATALOG_COMPILER_GLOBAL_ACCENT_COLOR_NAME = AccentColor;
				CODE_SIGN_STYLE = Automatic;
				CURRENT_PROJECT_VERSION = 1;
				DEVELOPMENT_TEAM = CJ4GBVK6Y6;
				GENERATE_INFOPLIST_FILE = YES;
				INFOPLIST_FILE = SpringHaven/Info.plist;
				INFOPLIST_KEY_UIApplicationSupportsIndirectInputEvents = YES;
				INFOPLIST_KEY_UILaunchStoryboardName = LaunchScreen;
				INFOPLIST_KEY_UIMainStoryboardFile = Main;
				INFOPLIST_KEY_UISupportedInterfaceOrientations_iPad = "UIInterfaceOrientationPortrait UIInterfaceOrientationPortraitUpsideDown UIInterfaceOrientationLandscapeLeft UIInterfaceOrientationLandscapeRight";
				INFOPLIST_KEY_UISupportedInterfaceOrientations_iPhone = "UIInterfaceOrientationPortrait UIInterfaceOrientationLandscapeLeft UIInterfaceOrientationLandscapeRight";
				LD_RUNPATH_SEARCH_PATHS = (
					"$(inherited)",
					"@executable_path/Frameworks",
				);
				MARKETING_VERSION = 1.0;
				PRODUCT_BUNDLE_IDENTIFIER = com.canceledstudios.SpringHaven;
				PRODUCT_NAME = "$(TARGET_NAME)";
				SWIFT_EMIT_LOC_STRINGS = YES;
				SWIFT_VERSION = 5.0;
				TARGETED_DEVICE_FAMILY = "1,2";
			};
			name = Release;
		};
/* End XCBuildConfiguration section */

/* Begin XCConfigurationList section */
		91F67C972AF858A8008CB9F8 /* Build configuration list for PBXProject "SpringHaven" */ = {
			isa = XCConfigurationList;
			buildConfigurations = (
				91F67CAE2AF858AA008CB9F8 /* Debug */,
				91F67CAF2AF858AA008CB9F8 /* Release */,
			);
			defaultConfigurationIsVisible = 0;
			defaultConfigurationName = Release;
		};
		91F67CB02AF858AA008CB9F8 /* Build configuration list for PBXNativeTarget "SpringHaven" */ = {
			isa = XCConfigurationList;
			buildConfigurations = (
				91F67CB12AF858AA008CB9F8 /* Debug */,
				91F67CB22AF858AA008CB9F8 /* Release */,
			);
			defaultConfigurationIsVisible = 0;
			defaultConfigurationName = Release;
		};
/* End XCConfigurationList section */
	};
	rootObject = 91F67C942AF858A8008CB9F8 /* Project object */;
}
